
Microsoft Visual Studio Solution File, Format Version 12.00
Project("{FAE04EC0-301F-11D3-BF4B-00C04F79EFBC}") = "ApiMandril", "ApiMandril\ApiMandril.csproj", "{DAFC018C-06F8-4F9A-AA28-1FD0C7201279}"
EndProject
Global
	GlobalSection(SolutionConfigurationPlatforms) = preSolution
		Debug|Any CPU = Debug|Any CPU
		Release|Any CPU = Release|Any CPU
	EndGlobalSection
	GlobalSection(ProjectConfigurationPlatforms) = postSolution
		{DAFC018C-06F8-4F9A-AA28-1FD0C7201279}.Debug|Any CPU.ActiveCfg = Debug|Any CPU
		{DAFC018C-06F8-4F9A-AA28-1FD0C7201279}.Debug|Any CPU.Build.0 = Debug|Any CPU
		{DAFC018C-06F8-4F9A-AA28-1FD0C7201279}.Release|Any CPU.ActiveCfg = Release|Any CPU
		{DAFC018C-06F8-4F9A-AA28-1FD0C7201279}.Release|Any CPU.Build.0 = Release|Any CPU
	EndGlobalSection
EndGlobal
